// !$*UTF8*$!
{
	archiveVersion = 1;
	classes = {
	};
	objectVersion = 46;
	objects = {

/* Begin PBXBuildFile section */
		CCA9BB3B1C11333300870799 /* main.m in Sources */ = {isa = PBXBuildFile; fileRef = CCA9BB3A1C11333300870799 /* main.m */; };
		CCA9BB3E1C11333300870799 /* AppDelegate.m in Sources */ = {isa = PBXBuildFile; fileRef = CCA9BB3D1C11333300870799 /* AppDelegate.m */; };
		CCA9BB411C11333300870799 /* ViewController.m in Sources */ = {isa = PBXBuildFile; fileRef = CCA9BB401C11333300870799 /* ViewController.m */; };
		CCA9BB441C11333300870799 /* Main.storyboard in Resources */ = {isa = PBXBuildFile; fileRef = CCA9BB421C11333300870799 /* Main.storyboard */; };
		CCA9BB461C11333300870799 /* Images.xcassets in Resources */ = {isa = PBXBuildFile; fileRef = CCA9BB451C11333300870799 /* Images.xcassets */; };
		CCA9BB491C11333300870799 /* LaunchScreen.xib in Resources */ = {isa = PBXBuildFile; fileRef = CCA9BB471C11333300870799 /* LaunchScreen.xib */; };
		CCA9BB551C11333300870799 /* _2______Tests.m in Sources */ = {isa = PBXBuildFile; fileRef = CCA9BB541C11333300870799 /* _2______Tests.m */; };
		CCA9BB5F1C11343000870799 /* sortednames.plist in Resources */ = {isa = PBXBuildFile; fileRef = CCA9BB5E1C11343000870799 /* sortednames.plist */; };
/* End PBXBuildFile section */

/* Begin PBXContainerItemProxy section */
		CCA9BB4F1C11333300870799 /* PBXContainerItemProxy */ = {
			isa = PBXContainerItemProxy;
			containerPortal = CCA9BB2D1C11333300870799 /* Project object */;
			proxyType = 1;
			remoteGlobalIDString = CCA9BB341C11333300870799;
			remoteInfo = "02-编辑表视图";
		};
/* End PBXContainerItemProxy section */

/* Begin PBXFileReference section */
		CCA9BB351C11333300870799 /* 02-编辑表视图.app */ = {isa = PBXFileReference; explicitFileType = wrapper.application; includeInIndex = 0; path = "02-编辑表视图.app"; sourceTree = BUILT_PRODUCTS_DIR; };
		CCA9BB391C11333300870799 /* Info.plist */ = {isa = PBXFileReference; lastKnownFileType = text.plist.xml; path = Info.plist; sourceTree = "<group>"; };
		CCA9BB3A1C11333300870799 /* main.m */ = {isa = PBXFileReference; lastKnownFileType = sourcecode.c.objc; path = main.m; sourceTree = "<group>"; };
		CCA9BB3C1C11333300870799 /* AppDelegate.h */ = {isa = PBXFileReference; lastKnownFileType = sourcecode.c.h; path = AppDelegate.h; sourceTree = "<group>"; };
		CCA9BB3D1C11333300870799 /* AppDelegate.m */ = {isa = PBXFileReference; lastKnownFileType = sourcecode.c.objc; path = AppDelegate.m; sourceTree = "<group>"; };
		CCA9BB3F1C11333300870799 /* ViewController.h */ = {isa = PBXFileReference; lastKnownFileType = sourcecode.c.h; path = ViewController.h; sourceTree = "<group>"; };
		CCA9BB401C11333300870799 /* ViewController.m */ = {isa = PBXFileReference; lastKnownFileType = sourcecode.c.objc; path = ViewController.m; sourceTree = "<group>"; };
		CCA9BB431C11333300870799 /* Base */ = {isa = PBXFileReference; lastKnownFileType = file.storyboard; name = Base; path = Base.lproj/Main.storyboard; sourceTree = "<group>"; };
		CCA9BB451C11333300870799 /* Images.xcassets */ = {isa = PBXFileReference; lastKnownFileType = folder.assetcatalog; path = Images.xcassets; sourceTree = "<group>"; };
		CCA9BB481C11333300870799 /* Base */ = {isa = PBXFileReference; lastKnownFileType = file.xib; name = Base; path = Base.lproj/LaunchScreen.xib; sourceTree = "<group>"; };
		CCA9BB4E1C11333300870799 /* 02-编辑表视图Tests.xctest */ = {isa = PBXFileReference; explicitFileType = wrapper.cfbundle; includeInIndex = 0; path = "02-编辑表视图Tests.xctest"; sourceTree = BUILT_PRODUCTS_DIR; };
		CCA9BB531C11333300870799 /* Info.plist */ = {isa = PBXFileReference; lastKnownFileType = text.plist.xml; path = Info.plist; sourceTree = "<group>"; };
		CCA9BB541C11333300870799 /* _2______Tests.m */ = {isa = PBXFileReference; lastKnownFileType = sourcecode.c.objc; path = "_2______Tests.m"; sourceTree = "<group>"; };
		CCA9BB5E1C11343000870799 /* sortednames.plist */ = {isa = PBXFileReference; fileEncoding = 4; lastKnownFileType = text.plist.xml; path = sortednames.plist; sourceTree = "<group>"; };
/* End PBXFileReference section */

/* Begin PBXFrameworksBuildPhase section */
		CCA9BB321C11333300870799 /* Frameworks */ = {
			isa = PBXFrameworksBuildPhase;
			buildActionMask = 2147483647;
			files = (
			);
			runOnlyForDeploymentPostprocessing = 0;
		};
		CCA9BB4B1C11333300870799 /* Frameworks */ = {
			isa = PBXFrameworksBuildPhase;
			buildActionMask = 2147483647;
			files = (
			);
			runOnlyForDeploymentPostprocessing = 0;
		};
/* End PBXFrameworksBuildPhase section */

/* Begin PBXGroup section */
		CCA9BB2C1C11333300870799 = {
			isa = PBXGroup;
			children = (
				CCA9BB371C11333300870799 /* 02-编辑表视图 */,
				CCA9BB511C11333300870799 /* 02-编辑表视图Tests */,
				CCA9BB361C11333300870799 /* Products */,
			);
			sourceTree = "<group>";
		};
		CCA9BB361C11333300870799 /* Products */ = {
			isa = PBXGroup;
			children = (
				CCA9BB351C11333300870799 /* 02-编辑表视图.app */,
				CCA9BB4E1C11333300870799 /* 02-编辑表视图Tests.xctest */,
			);
			name = Products;
			sourceTree = "<group>";
		};
		CCA9BB371C11333300870799 /* 02-编辑表视图 */ = {
			isa = PBXGroup;
			children = (
				CCA9BB3C1C11333300870799 /* AppDelegate.h */,
				CCA9BB3D1C11333300870799 /* AppDelegate.m */,
				CCA9BB3F1C11333300870799 /* ViewController.h */,
				CCA9BB401C11333300870799 /* ViewController.m */,
				CCA9BB421C11333300870799 /* Main.storyboard */,
				CCA9BB451C11333300870799 /* Images.xcassets */,
				CCA9BB471C11333300870799 /* LaunchScreen.xib */,
				CCA9BB381C11333300870799 /* Supporting Files */,
			);
			path = "02-编辑表视图";
			sourceTree = "<group>";
		};
		CCA9BB381C11333300870799 /* Supporting Files */ = {
			isa = PBXGroup;
			children = (
				CCA9BB5E1C11343000870799 /* sortednames.plist */,
				CCA9BB391C11333300870799 /* Info.plist */,
				CCA9BB3A1C11333300870799 /* main.m */,
			);
			name = "Supporting Files";
			sourceTree = "<group>";
		};
		CCA9BB511C11333300870799 /* 02-编辑表视图Tests */ = {
			isa = PBXGroup;
			children = (
				CCA9BB541C11333300870799 /* _2______Tests.m */,
				CCA9BB521C11333300870799 /* Supporting Files */,
			);
			path = "02-编辑表视图Tests";
			sourceTree = "<group>";
		};
		CCA9BB521C11333300870799 /* Supporting Files */ = {
			isa = PBXGroup;
			children = (
				CCA9BB531C11333300870799 /* Info.plist */,
			);
			name = "Supporting Files";
			sourceTree = "<group>";
		};
/* End PBXGroup section */

/* Begin PBXNativeTarget section */
		CCA9BB341C11333300870799 /* 02-编辑表视图 */ = {
			isa = PBXNativeTarget;
			buildConfigurationList = CCA9BB581C11333300870799 /* Build configuration list for PBXNativeTarget "02-编辑表视图" */;
			buildPhases = (
				CCA9BB311C11333300870799 /* Sources */,
				CCA9BB321C11333300870799 /* Frameworks */,
				CCA9BB331C11333300870799 /* Resources */,
			);
			buildRules = (
			);
			dependencies = (
			);
			name = "02-编辑表视图";
			productName = "02-编辑表视图";
			productReference = CCA9BB351C11333300870799 /* 02-编辑表视图.app */;
			productType = "com.apple.product-type.application";
		};
		CCA9BB4D1C11333300870799 /* 02-编辑表视图Tests */ = {
			isa = PBXNativeTarget;
			buildConfigurationList = CCA9BB5B1C11333300870799 /* Build configuration list for PBXNativeTarget "02-编辑表视图Tests" */;
			buildPhases = (
				CCA9BB4A1C11333300870799 /* Sources */,
				CCA9BB4B1C11333300870799 /* Frameworks */,
				CCA9BB4C1C11333300870799 /* Resources */,
			);
			buildRules = (
			);
			dependencies = (
				CCA9BB501C11333300870799 /* PBXTargetDependency */,
			);
			name = "02-编辑表视图Tests";
			productName = "02-编辑表视图Tests";
			productReference = CCA9BB4E1C11333300870799 /* 02-编辑表视图Tests.xctest */;
			productType = "com.apple.product-type.bundle.unit-test";
		};
/* End PBXNativeTarget section */

/* Begin PBXProject section */
		CCA9BB2D1C11333300870799 /* Project object */ = {
			isa = PBXProject;
			attributes = {
				LastUpgradeCheck = 0640;
				ORGANIZATIONNAME = "阿六";
				TargetAttributes = {
					CCA9BB341C11333300870799 = {
						CreatedOnToolsVersion = 6.4;
					};
					CCA9BB4D1C11333300870799 = {
						CreatedOnToolsVersion = 6.4;
						TestTargetID = CCA9BB341C11333300870799;
					};
				};
			};
			buildConfigurationList = CCA9BB301C11333300870799 /* Build configuration list for PBXProject "02-编辑表视图" */;
			compatibilityVersion = "Xcode 3.2";
			developmentRegion = English;
			hasScannedForEncodings = 0;
			knownRegions = (
				en,
				Base,
			);
			mainGroup = CCA9BB2C1C11333300870799;
			productRefGroup = CCA9BB361C11333300870799 /* Products */;
			projectDirPath = "";
			projectRoot = "";
			targets = (
				CCA9BB341C11333300870799 /* 02-编辑表视图 */,
				CCA9BB4D1C11333300870799 /* 02-编辑表视图Tests */,
			);
		};
/* End PBXProject section */

/* Begin PBXResourcesBuildPhase section */
		CCA9BB331C11333300870799 /* Resources */ = {
			isa = PBXResourcesBuildPhase;
			buildActionMask = 2147483647;
			files = (
				CCA9BB5F1C11343000870799 /* sortednames.plist in Resources */,
				CCA9BB441C11333300870799 /* Main.storyboard in Resources */,
				CCA9BB491C11333300870799 /* LaunchScreen.xib in Resources */,
				CCA9BB461C11333300870799 /* Images.xcassets in Resources */,
			);
			runOnlyForDeploymentPostprocessing = 0;
		};
		CCA9BB4C1C11333300870799 /* Resources */ = {
			isa = PBXResourcesBuildPhase;
			buildActionMask = 2147483647;
			files = (
			);
			runOnlyForDeploymentPostprocessing = 0;
		};
/* End PBXResourcesBuildPhase section */

/* Begin PBXSourcesBuildPhase section */
		CCA9BB311C11333300870799 /* Sources */ = {
			isa = PBXSourcesBuildPhase;
			buildActionMask = 2147483647;
			files = (
				CCA9BB411C11333300870799 /* ViewController.m in Sources */,
				CCA9BB3E1C11333300870799 /* AppDelegate.m in Sources */,
				CCA9BB3B1C11333300870799 /* main.m in Sources */,
			);
			runOnlyForDeploymentPostprocessing = 0;
		};
		CCA9BB4A1C11333300870799 /* Sources */ = {
			isa = PBXSourcesBuildPhase;
			buildActionMask = 2147483647;
			files = (
				CCA9BB551C11333300870799 /* _2______Tests.m in Sources */,
			);
			runOnlyForDeploymentPostprocessing = 0;
		};
/* End PBXSourcesBuildPhase section */

/* Begin PBXTargetDependency section */
		CCA9BB501C11333300870799 /* PBXTargetDependency */ = {
			isa = PBXTargetDependency;
			target = CCA9BB341C11333300870799 /* 02-编辑表视图 */;
			targetProxy = CCA9BB4F1C11333300870799 /* PBXContainerItemProxy */;
		};
/* End PBXTargetDependency section */

/* Begin PBXVariantGroup section */
		CCA9BB421C11333300870799 /* Main.storyboard */ = {
			isa = PBXVariantGroup;
			children = (
				CCA9BB431C11333300870799 /* Base */,
			);
			name = Main.storyboard;
			sourceTree = "<group>";
		};
		CCA9BB471C11333300870799 /* LaunchScreen.xib */ = {
			isa = PBXVariantGroup;
			children = (
				CCA9BB481C11333300870799 /* Base */,
			);
			name = LaunchScreen.xib;
			sourceTree = "<group>";
		};
/* End PBXVariantGroup section */

/* Begin XCBuildConfiguration section */
		CCA9BB561C11333300870799 /* Debug */ = {
			isa = XCBuildConfiguration;
			buildSettings = {
				ALWAYS_SEARCH_USER_PATHS = NO;
				CLANG_CXX_LANGUAGE_STANDARD = "gnu++0x";
				CLANG_CXX_LIBRARY = "libc++";
				CLANG_ENABLE_MODULES = YES;
				CLANG_ENABLE_OBJC_ARC = YES;
				CLANG_WARN_BOOL_CONVERSION = YES;
				CLANG_WARN_CONSTANT_CONVERSION = YES;
				CLANG_WARN_DIRECT_OBJC_ISA_USAGE = YES_ERROR;
				CLANG_WARN_EMPTY_BODY = YES;
				CLANG_WARN_ENUM_CONVERSION = YES;
				CLANG_WARN_INT_CONVERSION = YES;
				CLANG_WARN_OBJC_ROOT_CLASS = YES_ERROR;
				CLANG_WARN_UNREACHABLE_CODE = YES;
				CLANG_WARN__DUPLICATE_METHOD_MATCH = YES;
				"CODE_SIGN_IDENTITY[sdk=iphoneos*]" = "iPhone Developer";
				COPY_PHASE_STRIP = NO;
				DEBUG_INFORMATION_FORMAT = "dwarf-with-dsym";
				ENABLE_STRICT_OBJC_MSGSEND = YES;
				GCC_C_LANGUAGE_STANDARD = gnu99;
				GCC_DYNAMIC_NO_PIC = NO;
				GCC_NO_COMMON_BLOCKS = YES;
				GCC_OPTIMIZATION_LEVEL = 0;
				GCC_PREPROCESSOR_DEFINITIONS = (
					"DEBUG=1",
					"$(inherited)",
				);
				GCC_SYMBOLS_PRIVATE_EXTERN = NO;
				GCC_WARN_64_TO_32_BIT_CONVERSION = YES;
				GCC_WARN_ABOUT_RETURN_TYPE = YES_ERROR;
				GCC_WARN_UNDECLARED_SELECTOR = YES;
				GCC_WARN_UNINITIALIZED_AUTOS = YES_AGGRESSIVE;
				GCC_WARN_UNUSED_FUNCTION = YES;
				GCC_WARN_UNUSED_VARIABLE = YES;
				IPHONEOS_DEPLOYMENT_TARGET = 8.4;
				MTL_ENABLE_DEBUG_INFO = YES;
				ONLY_ACTIVE_ARCH = YES;
				SDKROOT = iphoneos;
				TARGETED_DEVICE_FAMILY = "1,2";
			};
			name = Debug;
		};
		CCA9BB571C11333300870799 /* Release */ = {
			isa = XCBuildConfiguration;
			buildSettings = {
				ALWAYS_SEARCH_USER_PATHS = NO;
				CLANG_CXX_LANGUAGE_STANDARD = "gnu++0x";
				CLANG_CXX_LIBRARY = "libc++";
				CLANG_ENABLE_MODULES = YES;
				CLANG_ENABLE_OBJC_ARC = YES;
				CLANG_WARN_BOOL_CONVERSION = YES;
				CLANG_WARN_CONSTANT_CONVERSION = YES;
				CLANG_WARN_DIRECT_OBJC_ISA_USAGE = YES_ERROR;
				CLANG_WARN_EMPTY_BODY = YES;
				CLANG_WARN_ENUM_CONVERSION = YES;
				CLANG_WARN_INT_CONVERSION = YES;
				CLANG_WARN_OBJC_ROOT_CLASS = YES_ERROR;
				CLANG_WARN_UNREACHABLE_CODE = YES;
				CLANG_WARN__DUPLICATE_METHOD_MATCH = YES;
				"CODE_SIGN_IDENTITY[sdk=iphoneos*]" = "iPhone Developer";
				COPY_PHASE_STRIP = NO;
				DEBUG_INFORMATION_FORMAT = "dwarf-with-dsym";
				ENABLE_NS_ASSERTIONS = NO;
				ENABLE_STRICT_OBJC_MSGSEND = YES;
				GCC_C_LANGUAGE_STANDARD = gnu99;
				GCC_NO_COMMON_BLOCKS = YES;
				GCC_WARN_64_TO_32_BIT_CONVERSION = YES;
				GCC_WARN_ABOUT_RETURN_TYPE = YES_ERROR;
				GCC_WARN_UNDECLARED_SELECTOR = YES;
				GCC_WARN_UNINITIALIZED_AUTOS = YES_AGGRESSIVE;
				GCC_WARN_UNUSED_FUNCTION = YES;
				GCC_WARN_UNUSED_VARIABLE = YES;
				IPHONEOS_DEPLOYMENT_TARGET = 8.4;
				MTL_ENABLE_DEBUG_INFO = NO;
				SDKROOT = iphoneos;
				TARGETED_DEVICE_FAMILY = "1,2";
				VALIDATE_PRODUCT = YES;
			};
			name = Release;
		};
		CCA9BB591C11333300870799 /* Debug */ = {
			isa = XCBuildConfiguration;
			buildSettings = {
				ASSETCATALOG_COMPILER_APPICON_NAME = AppIcon;
				INFOPLIST_FILE = "02-编辑表视图/Info.plist";
				LD_RUNPATH_SEARCH_PATHS = "$(inherited) @executable_path/Frameworks";
				PRODUCT_NAME = "$(TARGET_NAME)";
			};
			name = Debug;
		};
		CCA9BB5A1C11333300870799 /* Release */ = {
			isa = XCBuildConfiguration;
			buildSettings = {
				ASSETCATALOG_COMPILER_APPICON_NAME = AppIcon;
				INFOPLIST_FILE = "02-编辑表视图/Info.plist";
				LD_RUNPATH_SEARCH_PATHS = "$(inherited) @executable_path/Frameworks";
				PRODUCT_NAME = "$(TARGET_NAME)";
			};
			name = Release;
		};
		CCA9BB5C1C11333300870799 /* Debug */ = {
			isa = XCBuildConfiguration;
			buildSettings = {
				BUNDLE_LOADER = "$(TEST_HOST)";
				FRAMEWORK_SEARCH_PATHS = (
					"$(SDKROOT)/Developer/Library/Frameworks",
					"$(inherited)",
				);
				GCC_PREPROCESSOR_DEFINITIONS = (
					"DEBUG=1",
					"$(inherited)",
				);
				INFOPLIST_FILE = "02-编辑表视图Tests/Info.plist";
				LD_RUNPATH_SEARCH_PATHS = "$(inherited) @executable_path/Frameworks @loader_path/Frameworks";
				PRODUCT_NAME = "$(TARGET_NAME)";
				TEST_HOST = "$(BUILT_PRODUCTS_DIR)/02-编辑表视图.app/02-编辑表视图";
			};
			name = Debug;
		};
		CCA9BB5D1C11333300870799 /* Release */ = {
			isa = XCBuildConfiguration;
			buildSettings = {
				BUNDLE_LOADER = "$(TEST_HOST)";
				FRAMEWORK_SEARCH_PATHS = (
					"$(SDKROOT)/Developer/Library/Frameworks",
					"$(inherited)",
				);
				INFOPLIST_FILE = "02-编辑表视图Tests/Info.plist";
				LD_RUNPATH_SEARCH_PATHS = "$(inherited) @executable_path/Frameworks @loader_path/Frameworks";
				PRODUCT_NAME = "$(TARGET_NAME)";
				TEST_HOST = "$(BUILT_PRODUCTS_DIR)/02-编辑表视图.app/02-编辑表视图";
			};
			name = Release;
		};
/* End XCBuildConfiguration section */

/* Begin XCConfigurationList section */
		CCA9BB301C11333300870799 /* Build configuration list for PBXProject "02-编辑表视图" */ = {
			isa = XCConfigurationList;
			buildConfigurations = (
				CCA9BB561C11333300870799 /* Debug */,
				CCA9BB571C11333300870799 /* Release */,
			);
			defaultConfigurationIsVisible = 0;
			defaultConfigurationName = Release;
		};
		CCA9BB581C11333300870799 /* Build configuration list for PBXNativeTarget "02-编辑表视图" */ = {
			isa = XCConfigurationList;
			buildConfigurations = (
				CCA9BB591C11333300870799 /* Debug */,
				CCA9BB5A1C11333300870799 /* Release */,
			);
			defaultConfigurationIsVisible = 0;
		};
		CCA9BB5B1C11333300870799 /* Build configuration list for PBXNativeTarget "02-编辑表视图Tests" */ = {
			isa = XCConfigurationList;
			buildConfigurations = (
				CCA9BB5C1C11333300870799 /* Debug */,
				CCA9BB5D1C11333300870799 /* Release */,
			);
			defaultConfigurationIsVisible = 0;
		};
/* End XCConfigurationList section */
	};
	rootObject = CCA9BB2D1C11333300870799 /* Project object */;
}
